# THIS IS AN AUTOGENERATED FILE. DO NOT EDIT THIS FILE DIRECTLY.
# yarn lockfile v1


typescript@4.5.1-rc:
  version "4.5.1-rc"
  resolved "https://registry.yarnpkg.com/typescript/-/typescript-4.5.1-rc.tgz#02155eaa0579d11babb2a55dcbd796948a994bb3"
  integrity sha512-tQBWW1DCFqweyhSzsAUSFgssJ3uuRBh0zyOkRV4CaFF2rMBkGU0I+MqPMch0qhGCUGXjOW7FgMrbQLS6PE3Z6Q==

zod@^3.11.6:
  version "3.11.6"
  resolved "https://registry.yarnpkg.com/zod/-/zod-3.11.6.tgz#e43a5e0c213ae2e02aefe7cb2b1a6fa3d7f1f483"
  integrity sha512-daZ80A81I3/9lIydI44motWe6n59kRBfNzTuS2bfzVh1nAXi667TOTWWtatxyG+fwgNUiagSj/CWZwRRbevJIg==
